// !$*UTF8*$!
{
	archiveVersion = 1;
	classes = {
	};
	objectVersion = 56;
	objects = {

/* Begin PBXBuildFile section */
		84997A7329435C1500C5833B /* DetailVC.swift in Sources */ = {isa = PBXBuildFile; fileRef = 84997A7229435C1500C5833B /* DetailVC.swift */; };
		84997A7529435CBC00C5833B /* Country.swift in Sources */ = {isa = PBXBuildFile; fileRef = 84997A7429435CBC00C5833B /* Country.swift */; };
		849BB77F29477F7F004F0FD5 /* countries.json in Resources */ = {isa = PBXBuildFile; fileRef = 849BB77E29477F7F004F0FD5 /* countries.json */; };
		849BB78129477F8A004F0FD5 /* Countries.swift in Sources */ = {isa = PBXBuildFile; fileRef = 849BB78029477F8A004F0FD5 /* Countries.swift */; };
		84F362F42940FB77008E908B /* AppDelegate.swift in Sources */ = {isa = PBXBuildFile; fileRef = 84F362F32940FB77008E908B /* AppDelegate.swift */; };
		84F362F62940FB77008E908B /* SceneDelegate.swift in Sources */ = {isa = PBXBuildFile; fileRef = 84F362F52940FB77008E908B /* SceneDelegate.swift */; };
		84F362F82940FB77008E908B /* ViewController.swift in Sources */ = {isa = PBXBuildFile; fileRef = 84F362F72940FB77008E908B /* ViewController.swift */; };
		84F362FB2940FB77008E908B /* Main.storyboard in Resources */ = {isa = PBXBuildFile; fileRef = 84F362F92940FB77008E908B /* Main.storyboard */; };
		84F362FD2940FB78008E908B /* Assets.xcassets in Resources */ = {isa = PBXBuildFile; fileRef = 84F362FC2940FB78008E908B /* Assets.xcassets */; };
		84F363002940FB78008E908B /* LaunchScreen.storyboard in Resources */ = {isa = PBXBuildFile; fileRef = 84F362FE2940FB78008E908B /* LaunchScreen.storyboard */; };
/* End PBXBuildFile section */

/* Begin PBXFileReference section */
		84997A7229435C1500C5833B /* DetailVC.swift */ = {isa = PBXFileReference; lastKnownFileType = sourcecode.swift; path = DetailVC.swift; sourceTree = "<group>"; };
		84997A7429435CBC00C5833B /* Country.swift */ = {isa = PBXFileReference; lastKnownFileType = sourcecode.swift; path = Country.swift; sourceTree = "<group>"; };
		849BB77E29477F7F004F0FD5 /* countries.json */ = {isa = PBXFileReference; fileEncoding = 4; lastKnownFileType = text.json; path = countries.json; sourceTree = "<group>"; };
		849BB78029477F8A004F0FD5 /* Countries.swift */ = {isa = PBXFileReference; lastKnownFileType = sourcecode.swift; path = Countries.swift; sourceTree = "<group>"; };
		84F362F02940FB77008E908B /* Milestone V.app */ = {isa = PBXFileReference; explicitFileType = wrapper.application; includeInIndex = 0; path = "Milestone V.app"; sourceTree = BUILT_PRODUCTS_DIR; };
		84F362F32940FB77008E908B /* AppDelegate.swift */ = {isa = PBXFileReference; lastKnownFileType = sourcecode.swift; path = AppDelegate.swift; sourceTree = "<group>"; };
		84F362F52940FB77008E908B /* SceneDelegate.swift */ = {isa = PBXFileReference; lastKnownFileType = sourcecode.swift; path = SceneDelegate.swift; sourceTree = "<group>"; };
		84F362F72940FB77008E908B /* ViewController.swift */ = {isa = PBXFileReference; lastKnownFileType = sourcecode.swift; path = ViewController.swift; sourceTree = "<group>"; };
		84F362FA2940FB77008E908B /* Base */ = {isa = PBXFileReference; lastKnownFileType = file.storyboard; name = Base; path = Base.lproj/Main.storyboard; sourceTree = "<group>"; };
		84F362FC2940FB78008E908B /* Assets.xcassets */ = {isa = PBXFileReference; lastKnownFileType = folder.assetcatalog; path = Assets.xcassets; sourceTree = "<group>"; };
		84F362FF2940FB78008E908B /* Base */ = {isa = PBXFileReference; lastKnownFileType = file.storyboard; name = Base; path = Base.lproj/LaunchScreen.storyboard; sourceTree = "<group>"; };
		84F363012940FB78008E908B /* Info.plist */ = {isa = PBXFileReference; lastKnownFileType = text.plist.xml; path = Info.plist; sourceTree = "<group>"; };
/* End PBXFileReference section */

/* Begin PBXFrameworksBuildPhase section */
		84F362ED2940FB77008E908B /* Frameworks */ = {
			isa = PBXFrameworksBuildPhase;
			buildActionMask = 2147483647;
			files = (
			);
			runOnlyForDeploymentPostprocessing = 0;
		};
/* End PBXFrameworksBuildPhase section */

/* Begin PBXGroup section */
		84F362E72940FB77008E908B = {
			isa = PBXGroup;
			children = (
				84F362F22940FB77008E908B /* Milestone V */,
				84F362F12940FB77008E908B /* Products */,
			);
			sourceTree = "<group>";
		};
		84F362F12940FB77008E908B /* Products */ = {
			isa = PBXGroup;
			children = (
				84F362F02940FB77008E908B /* Milestone V.app */,
			);
			name = Products;
			sourceTree = "<group>";
		};
		84F362F22940FB77008E908B /* Milestone V */ = {
			isa = PBXGroup;
			children = (
				84F362F32940FB77008E908B /* AppDelegate.swift */,
				84F362F52940FB77008E908B /* SceneDelegate.swift */,
				84F362F72940FB77008E908B /* ViewController.swift */,
				84997A7229435C1500C5833B /* DetailVC.swift */,
				84997A7429435CBC00C5833B /* Country.swift */,
				849BB78029477F8A004F0FD5 /* Countries.swift */,
				84F362F92940FB77008E908B /* Main.storyboard */,
				84F362FC2940FB78008E908B /* Assets.xcassets */,
				84F362FE2940FB78008E908B /* LaunchScreen.storyboard */,
				84F363012940FB78008E908B /* Info.plist */,
				849BB77E29477F7F004F0FD5 /* countries.json */,
			);
			path = "Milestone V";
			sourceTree = "<group>";
		};
/* End PBXGroup section */

/* Begin PBXNativeTarget section */
		84F362EF2940FB77008E908B /* Milestone V */ = {
			isa = PBXNativeTarget;
			buildConfigurationList = 84F363042940FB78008E908B /* Build configuration list for PBXNativeTarget "Milestone V" */;
			buildPhases = (
				84F362EC2940FB77008E908B /* Sources */,
				84F362ED2940FB77008E908B /* Frameworks */,
				84F362EE2940FB77008E908B /* Resources */,
			);
			buildRules = (
			);
			dependencies = (
			);
			name = "Milestone V";
			productName = "Milestone V";
			productReference = 84F362F02940FB77008E908B /* Milestone V.app */;
			productType = "com.apple.product-type.application";
		};
/* End PBXNativeTarget section */

/* Begin PBXProject section */
		84F362E82940FB77008E908B /* Project object */ = {
			isa = PBXProject;
			attributes = {
				BuildIndependentTargetsInParallel = 1;
				LastSwiftUpdateCheck = 1410;
				LastUpgradeCheck = 1410;
				TargetAttributes = {
					84F362EF2940FB77008E908B = {
						CreatedOnToolsVersion = 14.1;
					};
				};
			};
			buildConfigurationList = 84F362EB2940FB77008E908B /* Build configuration list for PBXProject "Milestone V" */;
			compatibilityVersion = "Xcode 14.0";
			developmentRegion = en;
			hasScannedForEncodings = 0;
			knownRegions = (
				en,
				Base,
			);
			mainGroup = 84F362E72940FB77008E908B;
			productRefGroup = 84F362F12940FB77008E908B /* Products */;
			projectDirPath = "";
			projectRoot = "";
			targets = (
				84F362EF2940FB77008E908B /* Milestone V */,
			);
		};
/* End PBXProject section */

/* Begin PBXResourcesBuildPhase section */
		84F362EE2940FB77008E908B /* Resources */ = {
			isa = PBXResourcesBuildPhase;
			buildActionMask = 2147483647;
			files = (
				84F363002940FB78008E908B /* LaunchScreen.storyboard in Resources */,
				84F362FD2940FB78008E908B /* Assets.xcassets in Resources */,
				849BB77F29477F7F004F0FD5 /* countries.json in Resources */,
				84F362FB2940FB77008E908B /* Main.storyboard in Resources */,
			);
			runOnlyForDeploymentPostprocessing = 0;
		};
/* End PBXResourcesBuildPhase section */

/* Begin PBXSourcesBuildPhase section */
		84F362EC2940FB77008E908B /* Sources */ = {
			isa = PBXSourcesBuildPhase;
			buildActionMask = 2147483647;
			files = (
				84F362F82940FB77008E908B /* ViewController.swift in Sources */,
				84997A7329435C1500C5833B /* DetailVC.swift in Sources */,
				84F362F42940FB77008E908B /* AppDelegate.swift in Sources */,
				84997A7529435CBC00C5833B /* Country.swift in Sources */,
				849BB78129477F8A004F0FD5 /* Countries.swift in Sources */,
				84F362F62940FB77008E908B /* SceneDelegate.swift in Sources */,
			);
			runOnlyForDeploymentPostprocessing = 0;
		};
/* End PBXSourcesBuildPhase section */

/* Begin PBXVariantGroup section */
		84F362F92940FB77008E908B /* Main.storyboard */ = {
			isa = PBXVariantGroup;
			children = (
				84F362FA2940FB77008E908B /* Base */,
			);
			name = Main.storyboard;
			sourceTree = "<group>";
		};
		84F362FE2940FB78008E908B /* LaunchScreen.storyboard */ = {
			isa = PBXVariantGroup;
			children = (
				84F362FF2940FB78008E908B /* Base */,
			);
			name = LaunchScreen.storyboard;
			sourceTree = "<group>";
		};
/* End PBXVariantGroup section */

/* Begin XCBuildConfiguration section */
		84F363022940FB78008E908B /* Debug */ = {
			isa = XCBuildConfiguration;
			buildSettings = {
				ALWAYS_SEARCH_USER_PATHS = NO;
				CLANG_ANALYZER_NONNULL = YES;
				CLANG_ANALYZER_NUMBER_OBJECT_CONVERSION = YES_AGGRESSIVE;
				CLANG_CXX_LANGUAGE_STANDARD = "gnu++20";
				CLANG_ENABLE_MODULES = YES;
				CLANG_ENABLE_OBJC_ARC = YES;
				CLANG_ENABLE_OBJC_WEAK = YES;
				CLANG_WARN_BLOCK_CAPTURE_AUTORELEASING = YES;
				CLANG_WARN_BOOL_CONVERSION = YES;
				CLANG_WARN_COMMA = YES;
				CLANG_WARN_CONSTANT_CONVERSION = YES;
				CLANG_WARN_DEPRECATED_OBJC_IMPLEMENTATIONS = YES;
				CLANG_WARN_DIRECT_OBJC_ISA_USAGE = YES_ERROR;
				CLANG_WARN_DOCUMENTATION_COMMENTS = YES;
				CLANG_WARN_EMPTY_BODY = YES;
				CLANG_WARN_ENUM_CONVERSION = YES;
				CLANG_WARN_INFINITE_RECURSION = YES;
				CLANG_WARN_INT_CONVERSION = YES;
				CLANG_WARN_NON_LITERAL_NULL_CONVERSION = YES;
				CLANG_WARN_OBJC_IMPLICIT_RETAIN_SELF = YES;
				CLANG_WARN_OBJC_LITERAL_CONVERSION = YES;
				CLANG_WARN_OBJC_ROOT_CLASS = YES_ERROR;
				CLANG_WARN_QUOTED_INCLUDE_IN_FRAMEWORK_HEADER = YES;
				CLANG_WARN_RANGE_LOOP_ANALYSIS = YES;
				CLANG_WARN_STRICT_PROTOTYPES = YES;
				CLANG_WARN_SUSPICIOUS_MOVE = YES;
				CLANG_WARN_UNGUARDED_AVAILABILITY = YES_AGGRESSIVE;
				CLANG_WARN_UNREACHABLE_CODE = YES;
				CLANG_WARN__DUPLICATE_METHOD_MATCH = YES;
				COPY_PHASE_STRIP = NO;
				DEBUG_INFORMATION_FORMAT = dwarf;
				ENABLE_STRICT_OBJC_MSGSEND = YES;
				ENABLE_TESTABILITY = YES;
				GCC_C_LANGUAGE_STANDARD = gnu11;
				GCC_DYNAMIC_NO_PIC = NO;
				GCC_NO_COMMON_BLOCKS = YES;
				GCC_OPTIMIZATION_LEVEL = 0;
				GCC_PREPROCESSOR_DEFINITIONS = (
					"DEBUG=1",
					"$(inherited)",
				);
				GCC_WARN_64_TO_32_BIT_CONVERSION = YES;
				GCC_WARN_ABOUT_RETURN_TYPE = YES_ERROR;
				GCC_WARN_UNDECLARED_SELECTOR = YES;
				GCC_WARN_UNINITIALIZED_AUTOS = YES_AGGRESSIVE;
				GCC_WARN_UNUSED_FUNCTION = YES;
				GCC_WARN_UNUSED_VARIABLE = YES;
				IPHONEOS_DEPLOYMENT_TARGET = 16.1;
				MTL_ENABLE_DEBUG_INFO = INCLUDE_SOURCE;
				MTL_FAST_MATH = YES;
				ONLY_ACTIVE_ARCH = YES;
				SDKROOT = iphoneos;
				SWIFT_ACTIVE_COMPILATION_CONDITIONS = DEBUG;
				SWIFT_OPTIMIZATION_LEVEL = "-Onone";
			};
			name = Debug;
		};
		84F363032940FB78008E908B /* Release */ = {
			isa = XCBuildConfiguration;
			buildSettings = {
				ALWAYS_SEARCH_USER_PATHS = NO;
				CLANG_ANALYZER_NONNULL = YES;
				CLANG_ANALYZER_NUMBER_OBJECT_CONVERSION = YES_AGGRESSIVE;
				CLANG_CXX_LANGUAGE_STANDARD = "gnu++20";
				CLANG_ENABLE_MODULES = YES;
				CLANG_ENABLE_OBJC_ARC = YES;
				CLANG_ENABLE_OBJC_WEAK = YES;
				CLANG_WARN_BLOCK_CAPTURE_AUTORELEASING = YES;
				CLANG_WARN_BOOL_CONVERSION = YES;
				CLANG_WARN_COMMA = YES;
				CLANG_WARN_CONSTANT_CONVERSION = YES;
				CLANG_WARN_DEPRECATED_OBJC_IMPLEMENTATIONS = YES;
				CLANG_WARN_DIRECT_OBJC_ISA_USAGE = YES_ERROR;
				CLANG_WARN_DOCUMENTATION_COMMENTS = YES;
				CLANG_WARN_EMPTY_BODY = YES;
				CLANG_WARN_ENUM_CONVERSION = YES;
				CLANG_WARN_INFINITE_RECURSION = YES;
				CLANG_WARN_INT_CONVERSION = YES;
				CLANG_WARN_NON_LITERAL_NULL_CONVERSION = YES;
				CLANG_WARN_OBJC_IMPLICIT_RETAIN_SELF = YES;
				CLANG_WARN_OBJC_LITERAL_CONVERSION = YES;
				CLANG_WARN_OBJC_ROOT_CLASS = YES_ERROR;
				CLANG_WARN_QUOTED_INCLUDE_IN_FRAMEWORK_HEADER = YES;
				CLANG_WARN_RANGE_LOOP_ANALYSIS = YES;
				CLANG_WARN_STRICT_PROTOTYPES = YES;
				CLANG_WARN_SUSPICIOUS_MOVE = YES;
				CLANG_WARN_UNGUARDED_AVAILABILITY = YES_AGGRESSIVE;
				CLANG_WARN_UNREACHABLE_CODE = YES;
				CLANG_WARN__DUPLICATE_METHOD_MATCH = YES;
				COPY_PHASE_STRIP = NO;
				DEBUG_INFORMATION_FORMAT = "dwarf-with-dsym";
				ENABLE_NS_ASSERTIONS = NO;
				ENABLE_STRICT_OBJC_MSGSEND = YES;
				GCC_C_LANGUAGE_STANDARD = gnu11;
				GCC_NO_COMMON_BLOCKS = YES;
				GCC_WARN_64_TO_32_BIT_CONVERSION = YES;
				GCC_WARN_ABOUT_RETURN_TYPE = YES_ERROR;
				GCC_WARN_UNDECLARED_SELECTOR = YES;
				GCC_WARN_UNINITIALIZED_AUTOS = YES_AGGRESSIVE;
				GCC_WARN_UNUSED_FUNCTION = YES;
				GCC_WARN_UNUSED_VARIABLE = YES;
				IPHONEOS_DEPLOYMENT_TARGET = 16.1;
				MTL_ENABLE_DEBUG_INFO = NO;
				MTL_FAST_MATH = YES;
				SDKROOT = iphoneos;
				SWIFT_COMPILATION_MODE = wholemodule;
				SWIFT_OPTIMIZATION_LEVEL = "-O";
				VALIDATE_PRODUCT = YES;
			};
			name = Release;
		};
		84F363052940FB78008E908B /* Debug */ = {
			isa = XCBuildConfiguration;
			buildSettings = {
				ASSETCATALOG_COMPILER_APPICON_NAME = AppIcon;
				ASSETCATALOG_COMPILER_GLOBAL_ACCENT_COLOR_NAME = AccentColor;
				CODE_SIGN_STYLE = Automatic;
				CURRENT_PROJECT_VERSION = 1;
				DEVELOPMENT_TEAM = S695ZJTN24;
				GENERATE_INFOPLIST_FILE = YES;
				INFOPLIST_FILE = "Milestone V/Info.plist";
				INFOPLIST_KEY_UIApplicationSupportsIndirectInputEvents = YES;
				INFOPLIST_KEY_UILaunchStoryboardName = LaunchScreen;
				INFOPLIST_KEY_UIMainStoryboardFile = Main;
				INFOPLIST_KEY_UISupportedInterfaceOrientations_iPad = "UIInterfaceOrientationPortrait UIInterfaceOrientationPortraitUpsideDown UIInterfaceOrientationLandscapeLeft UIInterfaceOrientationLandscapeRight";
				INFOPLIST_KEY_UISupportedInterfaceOrientations_iPhone = "UIInterfaceOrientationPortrait UIInterfaceOrientationLandscapeLeft UIInterfaceOrientationLandscapeRight";
				LD_RUNPATH_SEARCH_PATHS = (
					"$(inherited)",
					"@executable_path/Frameworks",
				);
				MARKETING_VERSION = 1.0;
				PRODUCT_BUNDLE_IDENTIFIER = "Vogtman.Milestone-V";
				PRODUCT_NAME = "$(TARGET_NAME)";
				SWIFT_EMIT_LOC_STRINGS = YES;
				SWIFT_VERSION = 5.0;
				TARGETED_DEVICE_FAMILY = "1,2";
			};
			name = Debug;
		};
		84F363062940FB78008E908B /* Release */ = {
			isa = XCBuildConfiguration;
			buildSettings = {
				ASSETCATALOG_COMPILER_APPICON_NAME = AppIcon;
				ASSETCATALOG_COMPILER_GLOBAL_ACCENT_COLOR_NAME = AccentColor;
				CODE_SIGN_STYLE = Automatic;
				CURRENT_PROJECT_VERSION = 1;
				DEVELOPMENT_TEAM = S695ZJTN24;
				GENERATE_INFOPLIST_FILE = YES;
				INFOPLIST_FILE = "Milestone V/Info.plist";
				INFOPLIST_KEY_UIApplicationSupportsIndirectInputEvents = YES;
				INFOPLIST_KEY_UILaunchStoryboardName = LaunchScreen;
				INFOPLIST_KEY_UIMainStoryboardFile = Main;
				INFOPLIST_KEY_UISupportedInterfaceOrientations_iPad = "UIInterfaceOrientationPortrait UIInterfaceOrientationPortraitUpsideDown UIInterfaceOrientationLandscapeLeft UIInterfaceOrientationLandscapeRight";
				INFOPLIST_KEY_UISupportedInterfaceOrientations_iPhone = "UIInterfaceOrientationPortrait UIInterfaceOrientationLandscapeLeft UIInterfaceOrientationLandscapeRight";
				LD_RUNPATH_SEARCH_PATHS = (
					"$(inherited)",
					"@executable_path/Frameworks",
				);
				MARKETING_VERSION = 1.0;
				PRODUCT_BUNDLE_IDENTIFIER = "Vogtman.Milestone-V";
				PRODUCT_NAME = "$(TARGET_NAME)";
				SWIFT_EMIT_LOC_STRINGS = YES;
				SWIFT_VERSION = 5.0;
				TARGETED_DEVICE_FAMILY = "1,2";
			};
			name = Release;
		};
/* End XCBuildConfiguration section */

/* Begin XCConfigurationList section */
		84F362EB2940FB77008E908B /* Build configuration list for PBXProject "Milestone V" */ = {
			isa = XCConfigurationList;
			buildConfigurations = (
				84F363022940FB78008E908B /* Debug */,
				84F363032940FB78008E908B /* Release */,
			);
			defaultConfigurationIsVisible = 0;
			defaultConfigurationName = Release;
		};
		84F363042940FB78008E908B /* Build configuration list for PBXNativeTarget "Milestone V" */ = {
			isa = XCConfigurationList;
			buildConfigurations = (
				84F363052940FB78008E908B /* Debug */,
				84F363062940FB78008E908B /* Release */,
			);
			defaultConfigurationIsVisible = 0;
			defaultConfigurationName = Release;
		};
/* End XCConfigurationList section */
	};
	rootObject = 84F362E82940FB77008E908B /* Project object */;
}
